// !$*UTF8*$!
{
	archiveVersion = 1;
	classes = {
	};
	objectVersion = 48;
	objects = {

/* Begin PBXBuildFile section */
		63114A001FB03107003D44A3 /* AppDelegate.swift in Sources */ = {isa = PBXBuildFile; fileRef = 631149FF1FB03107003D44A3 /* AppDelegate.swift */; };
		63114A021FB03107003D44A3 /* MasterViewController.swift in Sources */ = {isa = PBXBuildFile; fileRef = 63114A011FB03107003D44A3 /* MasterViewController.swift */; };
		63114A041FB03107003D44A3 /* DetailViewController.swift in Sources */ = {isa = PBXBuildFile; fileRef = 63114A031FB03107003D44A3 /* DetailViewController.swift */; };
		63114A071FB03107003D44A3 /* Main.storyboard in Resources */ = {isa = PBXBuildFile; fileRef = 63114A051FB03107003D44A3 /* Main.storyboard */; };
		63114A091FB03107003D44A3 /* Assets.xcassets in Resources */ = {isa = PBXBuildFile; fileRef = 63114A081FB03107003D44A3 /* Assets.xcassets */; };
		63114A0C1FB03107003D44A3 /* LaunchScreen.storyboard in Resources */ = {isa = PBXBuildFile; fileRef = 63114A0A1FB03107003D44A3 /* LaunchScreen.storyboard */; };
		63114A171FB03108003D44A3 /* BarcodeSampleTests.swift in Sources */ = {isa = PBXBuildFile; fileRef = 63114A161FB03108003D44A3 /* BarcodeSampleTests.swift */; };
		63114A221FB03108003D44A3 /* BarcodeSampleUITests.swift in Sources */ = {isa = PBXBuildFile; fileRef = 63114A211FB03108003D44A3 /* BarcodeSampleUITests.swift */; };
		63114A301FB0322F003D44A3 /* Barcode.swift in Sources */ = {isa = PBXBuildFile; fileRef = 63114A2F1FB0322F003D44A3 /* Barcode.swift */; };
		63114A321FB03BA6003D44A3 /* InputViewController.swift in Sources */ = {isa = PBXBuildFile; fileRef = 63114A311FB03BA6003D44A3 /* InputViewController.swift */; };
/* End PBXBuildFile section */

/* Begin PBXContainerItemProxy section */
		63114A131FB03107003D44A3 /* PBXContainerItemProxy */ = {
			isa = PBXContainerItemProxy;
			containerPortal = 631149F41FB03107003D44A3 /* Project object */;
			proxyType = 1;
			remoteGlobalIDString = 631149FB1FB03107003D44A3;
			remoteInfo = BarcodeSample;
		};
		63114A1E1FB03108003D44A3 /* PBXContainerItemProxy */ = {
			isa = PBXContainerItemProxy;
			containerPortal = 631149F41FB03107003D44A3 /* Project object */;
			proxyType = 1;
			remoteGlobalIDString = 631149FB1FB03107003D44A3;
			remoteInfo = BarcodeSample;
		};
/* End PBXContainerItemProxy section */

/* Begin PBXFileReference section */
		631149FC1FB03107003D44A3 /* BarcodeSample.app */ = {isa = PBXFileReference; explicitFileType = wrapper.application; includeInIndex = 0; path = BarcodeSample.app; sourceTree = BUILT_PRODUCTS_DIR; };
		631149FF1FB03107003D44A3 /* AppDelegate.swift */ = {isa = PBXFileReference; lastKnownFileType = sourcecode.swift; path = AppDelegate.swift; sourceTree = "<group>"; };
		63114A011FB03107003D44A3 /* MasterViewController.swift */ = {isa = PBXFileReference; lastKnownFileType = sourcecode.swift; path = MasterViewController.swift; sourceTree = "<group>"; };
		63114A031FB03107003D44A3 /* DetailViewController.swift */ = {isa = PBXFileReference; lastKnownFileType = sourcecode.swift; path = DetailViewController.swift; sourceTree = "<group>"; };
		63114A061FB03107003D44A3 /* Base */ = {isa = PBXFileReference; lastKnownFileType = file.storyboard; name = Base; path = Base.lproj/Main.storyboard; sourceTree = "<group>"; };
		63114A081FB03107003D44A3 /* Assets.xcassets */ = {isa = PBXFileReference; lastKnownFileType = folder.assetcatalog; path = Assets.xcassets; sourceTree = "<group>"; };
		63114A0B1FB03107003D44A3 /* Base */ = {isa = PBXFileReference; lastKnownFileType = file.storyboard; name = Base; path = Base.lproj/LaunchScreen.storyboard; sourceTree = "<group>"; };
		63114A0D1FB03107003D44A3 /* Info.plist */ = {isa = PBXFileReference; lastKnownFileType = text.plist.xml; path = Info.plist; sourceTree = "<group>"; };
		63114A121FB03107003D44A3 /* BarcodeSampleTests.xctest */ = {isa = PBXFileReference; explicitFileType = wrapper.cfbundle; includeInIndex = 0; path = BarcodeSampleTests.xctest; sourceTree = BUILT_PRODUCTS_DIR; };
		63114A161FB03108003D44A3 /* BarcodeSampleTests.swift */ = {isa = PBXFileReference; lastKnownFileType = sourcecode.swift; path = BarcodeSampleTests.swift; sourceTree = "<group>"; };
		63114A181FB03108003D44A3 /* Info.plist */ = {isa = PBXFileReference; lastKnownFileType = text.plist.xml; path = Info.plist; sourceTree = "<group>"; };
		63114A1D1FB03108003D44A3 /* BarcodeSampleUITests.xctest */ = {isa = PBXFileReference; explicitFileType = wrapper.cfbundle; includeInIndex = 0; path = BarcodeSampleUITests.xctest; sourceTree = BUILT_PRODUCTS_DIR; };
		63114A211FB03108003D44A3 /* BarcodeSampleUITests.swift */ = {isa = PBXFileReference; lastKnownFileType = sourcecode.swift; path = BarcodeSampleUITests.swift; sourceTree = "<group>"; };
		63114A231FB03108003D44A3 /* Info.plist */ = {isa = PBXFileReference; lastKnownFileType = text.plist.xml; path = Info.plist; sourceTree = "<group>"; };
		63114A2F1FB0322F003D44A3 /* Barcode.swift */ = {isa = PBXFileReference; lastKnownFileType = sourcecode.swift; path = Barcode.swift; sourceTree = "<group>"; };
		63114A311FB03BA6003D44A3 /* InputViewController.swift */ = {isa = PBXFileReference; lastKnownFileType = sourcecode.swift; path = InputViewController.swift; sourceTree = "<group>"; };
/* End PBXFileReference section */

/* Begin PBXFrameworksBuildPhase section */
		631149F91FB03107003D44A3 /* Frameworks */ = {
			isa = PBXFrameworksBuildPhase;
			buildActionMask = 2147483647;
			files = (
			);
			runOnlyForDeploymentPostprocessing = 0;
		};
		63114A0F1FB03107003D44A3 /* Frameworks */ = {
			isa = PBXFrameworksBuildPhase;
			buildActionMask = 2147483647;
			files = (
			);
			runOnlyForDeploymentPostprocessing = 0;
		};
		63114A1A1FB03108003D44A3 /* Frameworks */ = {
			isa = PBXFrameworksBuildPhase;
			buildActionMask = 2147483647;
			files = (
			);
			runOnlyForDeploymentPostprocessing = 0;
		};
/* End PBXFrameworksBuildPhase section */

/* Begin PBXGroup section */
		631149F31FB03107003D44A3 = {
			isa = PBXGroup;
			children = (
				631149FE1FB03107003D44A3 /* BarcodeSample */,
				63114A151FB03108003D44A3 /* BarcodeSampleTests */,
				63114A201FB03108003D44A3 /* BarcodeSampleUITests */,
				631149FD1FB03107003D44A3 /* Products */,
			);
			sourceTree = "<group>";
		};
		631149FD1FB03107003D44A3 /* Products */ = {
			isa = PBXGroup;
			children = (
				631149FC1FB03107003D44A3 /* BarcodeSample.app */,
				63114A121FB03107003D44A3 /* BarcodeSampleTests.xctest */,
				63114A1D1FB03108003D44A3 /* BarcodeSampleUITests.xctest */,
			);
			name = Products;
			sourceTree = "<group>";
		};
		631149FE1FB03107003D44A3 /* BarcodeSample */ = {
			isa = PBXGroup;
			children = (
				631149FF1FB03107003D44A3 /* AppDelegate.swift */,
				63114A011FB03107003D44A3 /* MasterViewController.swift */,
				63114A031FB03107003D44A3 /* DetailViewController.swift */,
				63114A311FB03BA6003D44A3 /* InputViewController.swift */,
				63114A2F1FB0322F003D44A3 /* Barcode.swift */,
				63114A051FB03107003D44A3 /* Main.storyboard */,
				63114A081FB03107003D44A3 /* Assets.xcassets */,
				63114A0A1FB03107003D44A3 /* LaunchScreen.storyboard */,
				63114A0D1FB03107003D44A3 /* Info.plist */,
			);
			path = BarcodeSample;
			sourceTree = "<group>";
		};
		63114A151FB03108003D44A3 /* BarcodeSampleTests */ = {
			isa = PBXGroup;
			children = (
				63114A161FB03108003D44A3 /* BarcodeSampleTests.swift */,
				63114A181FB03108003D44A3 /* Info.plist */,
			);
			path = BarcodeSampleTests;
			sourceTree = "<group>";
		};
		63114A201FB03108003D44A3 /* BarcodeSampleUITests */ = {
			isa = PBXGroup;
			children = (
				63114A211FB03108003D44A3 /* BarcodeSampleUITests.swift */,
				63114A231FB03108003D44A3 /* Info.plist */,
			);
			path = BarcodeSampleUITests;
			sourceTree = "<group>";
		};
/* End PBXGroup section */

/* Begin PBXNativeTarget section */
		631149FB1FB03107003D44A3 /* BarcodeSample */ = {
			isa = PBXNativeTarget;
			buildConfigurationList = 63114A261FB03108003D44A3 /* Build configuration list for PBXNativeTarget "BarcodeSample" */;
			buildPhases = (
				631149F81FB03107003D44A3 /* Sources */,
				631149F91FB03107003D44A3 /* Frameworks */,
				631149FA1FB03107003D44A3 /* Resources */,
			);
			buildRules = (
			);
			dependencies = (
			);
			name = BarcodeSample;
			productName = BarcodeSample;
			productReference = 631149FC1FB03107003D44A3 /* BarcodeSample.app */;
			productType = "com.apple.product-type.application";
		};
		63114A111FB03107003D44A3 /* BarcodeSampleTests */ = {
			isa = PBXNativeTarget;
			buildConfigurationList = 63114A291FB03108003D44A3 /* Build configuration list for PBXNativeTarget "BarcodeSampleTests" */;
			buildPhases = (
				63114A0E1FB03107003D44A3 /* Sources */,
				63114A0F1FB03107003D44A3 /* Frameworks */,
				63114A101FB03107003D44A3 /* Resources */,
			);
			buildRules = (
			);
			dependencies = (
				63114A141FB03107003D44A3 /* PBXTargetDependency */,
			);
			name = BarcodeSampleTests;
			productName = BarcodeSampleTests;
			productReference = 63114A121FB03107003D44A3 /* BarcodeSampleTests.xctest */;
			productType = "com.apple.product-type.bundle.unit-test";
		};
		63114A1C1FB03108003D44A3 /* BarcodeSampleUITests */ = {
			isa = PBXNativeTarget;
			buildConfigurationList = 63114A2C1FB03108003D44A3 /* Build configuration list for PBXNativeTarget "BarcodeSampleUITests" */;
			buildPhases = (
				63114A191FB03108003D44A3 /* Sources */,
				63114A1A1FB03108003D44A3 /* Frameworks */,
				63114A1B1FB03108003D44A3 /* Resources */,
			);
			buildRules = (
			);
			dependencies = (
				63114A1F1FB03108003D44A3 /* PBXTargetDependency */,
			);
			name = BarcodeSampleUITests;
			productName = BarcodeSampleUITests;
			productReference = 63114A1D1FB03108003D44A3 /* BarcodeSampleUITests.xctest */;
			productType = "com.apple.product-type.bundle.ui-testing";
		};
/* End PBXNativeTarget section */

/* Begin PBXProject section */
		631149F41FB03107003D44A3 /* Project object */ = {
			isa = PBXProject;
			attributes = {
				LastSwiftUpdateCheck = 0910;
				LastUpgradeCheck = 0910;
				ORGANIZATIONNAME = TakahiroTsuchiya;
				TargetAttributes = {
					631149FB1FB03107003D44A3 = {
						CreatedOnToolsVersion = 9.1;
						ProvisioningStyle = Automatic;
					};
					63114A111FB03107003D44A3 = {
						CreatedOnToolsVersion = 9.1;
						ProvisioningStyle = Automatic;
						TestTargetID = 631149FB1FB03107003D44A3;
					};
					63114A1C1FB03108003D44A3 = {
						CreatedOnToolsVersion = 9.1;
						ProvisioningStyle = Automatic;
						TestTargetID = 631149FB1FB03107003D44A3;
					};
				};
			};
			buildConfigurationList = 631149F71FB03107003D44A3 /* Build configuration list for PBXProject "BarcodeSample" */;
			compatibilityVersion = "Xcode 8.0";
			developmentRegion = en;
			hasScannedForEncodings = 0;
			knownRegions = (
				en,
				Base,
			);
			mainGroup = 631149F31FB03107003D44A3;
			productRefGroup = 631149FD1FB03107003D44A3 /* Products */;
			projectDirPath = "";
			projectRoot = "";
			targets = (
				631149FB1FB03107003D44A3 /* BarcodeSample */,
				63114A111FB03107003D44A3 /* BarcodeSampleTests */,
				63114A1C1FB03108003D44A3 /* BarcodeSampleUITests */,
			);
		};
/* End PBXProject section */

/* Begin PBXResourcesBuildPhase section */
		631149FA1FB03107003D44A3 /* Resources */ = {
			isa = PBXResourcesBuildPhase;
			buildActionMask = 2147483647;
			files = (
				63114A0C1FB03107003D44A3 /* LaunchScreen.storyboard in Resources */,
				63114A091FB03107003D44A3 /* Assets.xcassets in Resources */,
				63114A071FB03107003D44A3 /* Main.storyboard in Resources */,
			);
			runOnlyForDeploymentPostprocessing = 0;
		};
		63114A101FB03107003D44A3 /* Resources */ = {
			isa = PBXResourcesBuildPhase;
			buildActionMask = 2147483647;
			files = (
			);
			runOnlyForDeploymentPostprocessing = 0;
		};
		63114A1B1FB03108003D44A3 /* Resources */ = {
			isa = PBXResourcesBuildPhase;
			buildActionMask = 2147483647;
			files = (
			);
			runOnlyForDeploymentPostprocessing = 0;
		};
/* End PBXResourcesBuildPhase section */

/* Begin PBXSourcesBuildPhase section */
		631149F81FB03107003D44A3 /* Sources */ = {
			isa = PBXSourcesBuildPhase;
			buildActionMask = 2147483647;
			files = (
				63114A301FB0322F003D44A3 /* Barcode.swift in Sources */,
				63114A321FB03BA6003D44A3 /* InputViewController.swift in Sources */,
				63114A041FB03107003D44A3 /* DetailViewController.swift in Sources */,
				63114A021FB03107003D44A3 /* MasterViewController.swift in Sources */,
				63114A001FB03107003D44A3 /* AppDelegate.swift in Sources */,
			);
			runOnlyForDeploymentPostprocessing = 0;
		};
		63114A0E1FB03107003D44A3 /* Sources */ = {
			isa = PBXSourcesBuildPhase;
			buildActionMask = 2147483647;
			files = (
				63114A171FB03108003D44A3 /* BarcodeSampleTests.swift in Sources */,
			);
			runOnlyForDeploymentPostprocessing = 0;
		};
		63114A191FB03108003D44A3 /* Sources */ = {
			isa = PBXSourcesBuildPhase;
			buildActionMask = 2147483647;
			files = (
				63114A221FB03108003D44A3 /* BarcodeSampleUITests.swift in Sources */,
			);
			runOnlyForDeploymentPostprocessing = 0;
		};
/* End PBXSourcesBuildPhase section */

/* Begin PBXTargetDependency section */
		63114A141FB03107003D44A3 /* PBXTargetDependency */ = {
			isa = PBXTargetDependency;
			target = 631149FB1FB03107003D44A3 /* BarcodeSample */;
			targetProxy = 63114A131FB03107003D44A3 /* PBXContainerItemProxy */;
		};
		63114A1F1FB03108003D44A3 /* PBXTargetDependency */ = {
			isa = PBXTargetDependency;
			target = 631149FB1FB03107003D44A3 /* BarcodeSample */;
			targetProxy = 63114A1E1FB03108003D44A3 /* PBXContainerItemProxy */;
		};
/* End PBXTargetDependency section */

/* Begin PBXVariantGroup section */
		63114A051FB03107003D44A3 /* Main.storyboard */ = {
			isa = PBXVariantGroup;
			children = (
				63114A061FB03107003D44A3 /* Base */,
			);
			name = Main.storyboard;
			sourceTree = "<group>";
		};
		63114A0A1FB03107003D44A3 /* LaunchScreen.storyboard */ = {
			isa = PBXVariantGroup;
			children = (
				63114A0B1FB03107003D44A3 /* Base */,
			);
			name = LaunchScreen.storyboard;
			sourceTree = "<group>";
		};
/* End PBXVariantGroup section */

/* Begin XCBuildConfiguration section */
		63114A241FB03108003D44A3 /* Debug */ = {
			isa = XCBuildConfiguration;
			buildSettings = {
				ALWAYS_SEARCH_USER_PATHS = NO;
				CLANG_ANALYZER_NONNULL = YES;
				CLANG_ANALYZER_NUMBER_OBJECT_CONVERSION = YES_AGGRESSIVE;
				CLANG_CXX_LANGUAGE_STANDARD = "gnu++14";
				CLANG_CXX_LIBRARY = "libc++";
				CLANG_ENABLE_MODULES = YES;
				CLANG_ENABLE_OBJC_ARC = YES;
				CLANG_WARN_BLOCK_CAPTURE_AUTORELEASING = YES;
				CLANG_WARN_BOOL_CONVERSION = YES;
				CLANG_WARN_COMMA = YES;
				CLANG_WARN_CONSTANT_CONVERSION = YES;
				CLANG_WARN_DIRECT_OBJC_ISA_USAGE = YES_ERROR;
				CLANG_WARN_DOCUMENTATION_COMMENTS = YES;
				CLANG_WARN_EMPTY_BODY = YES;
				CLANG_WARN_ENUM_CONVERSION = YES;
				CLANG_WARN_INFINITE_RECURSION = YES;
				CLANG_WARN_INT_CONVERSION = YES;
				CLANG_WARN_NON_LITERAL_NULL_CONVERSION = YES;
				CLANG_WARN_OBJC_LITERAL_CONVERSION = YES;
				CLANG_WARN_OBJC_ROOT_CLASS = YES_ERROR;
				CLANG_WARN_RANGE_LOOP_ANALYSIS = YES;
				CLANG_WARN_STRICT_PROTOTYPES = YES;
				CLANG_WARN_SUSPICIOUS_MOVE = YES;
				CLANG_WARN_UNGUARDED_AVAILABILITY = YES_AGGRESSIVE;
				CLANG_WARN_UNREACHABLE_CODE = YES;
				CLANG_WARN__DUPLICATE_METHOD_MATCH = YES;
				CODE_SIGN_IDENTITY = "iPhone Developer";
				COPY_PHASE_STRIP = NO;
				DEBUG_INFORMATION_FORMAT = dwarf;
				ENABLE_STRICT_OBJC_MSGSEND = YES;
				ENABLE_TESTABILITY = YES;
				GCC_C_LANGUAGE_STANDARD = gnu11;
				GCC_DYNAMIC_NO_PIC = NO;
				GCC_NO_COMMON_BLOCKS = YES;
				GCC_OPTIMIZATION_LEVEL = 0;
				GCC_PREPROCESSOR_DEFINITIONS = (
					"DEBUG=1",
					"$(inherited)",
				);
				GCC_WARN_64_TO_32_BIT_CONVERSION = YES;
				GCC_WARN_ABOUT_RETURN_TYPE = YES_ERROR;
				GCC_WARN_UNDECLARED_SELECTOR = YES;
				GCC_WARN_UNINITIALIZED_AUTOS = YES_AGGRESSIVE;
				GCC_WARN_UNUSED_FUNCTION = YES;
				GCC_WARN_UNUSED_VARIABLE = YES;
				IPHONEOS_DEPLOYMENT_TARGET = 11.1;
				MTL_ENABLE_DEBUG_INFO = YES;
				ONLY_ACTIVE_ARCH = YES;
				SDKROOT = iphoneos;
				SWIFT_ACTIVE_COMPILATION_CONDITIONS = DEBUG;
				SWIFT_OPTIMIZATION_LEVEL = "-Onone";
			};
			name = Debug;
		};
		63114A251FB03108003D44A3 /* Release */ = {
			isa = XCBuildConfiguration;
			buildSettings = {
				ALWAYS_SEARCH_USER_PATHS = NO;
				CLANG_ANALYZER_NONNULL = YES;
				CLANG_ANALYZER_NUMBER_OBJECT_CONVERSION = YES_AGGRESSIVE;
				CLANG_CXX_LANGUAGE_STANDARD = "gnu++14";
				CLANG_CXX_LIBRARY = "libc++";
				CLANG_ENABLE_MODULES = YES;
				CLANG_ENABLE_OBJC_ARC = YES;
				CLANG_WARN_BLOCK_CAPTURE_AUTORELEASING = YES;
				CLANG_WARN_BOOL_CONVERSION = YES;
				CLANG_WARN_COMMA = YES;
				CLANG_WARN_CONSTANT_CONVERSION = YES;
				CLANG_WARN_DIRECT_OBJC_ISA_USAGE = YES_ERROR;
				CLANG_WARN_DOCUMENTATION_COMMENTS = YES;
				CLANG_WARN_EMPTY_BODY = YES;
				CLANG_WARN_ENUM_CONVERSION = YES;
				CLANG_WARN_INFINITE_RECURSION = YES;
				CLANG_WARN_INT_CONVERSION = YES;
				CLANG_WARN_NON_LITERAL_NULL_CONVERSION = YES;
				CLANG_WARN_OBJC_LITERAL_CONVERSION = YES;
				CLANG_WARN_OBJC_ROOT_CLASS = YES_ERROR;
				CLANG_WARN_RANGE_LOOP_ANALYSIS = YES;
				CLANG_WARN_STRICT_PROTOTYPES = YES;
				CLANG_WARN_SUSPICIOUS_MOVE = YES;
				CLANG_WARN_UNGUARDED_AVAILABILITY = YES_AGGRESSIVE;
				CLANG_WARN_UNREACHABLE_CODE = YES;
				CLANG_WARN__DUPLICATE_METHOD_MATCH = YES;
				CODE_SIGN_IDENTITY = "iPhone Developer";
				COPY_PHASE_STRIP = NO;
				DEBUG_INFORMATION_FORMAT = "dwarf-with-dsym";
				ENABLE_NS_ASSERTIONS = NO;
				ENABLE_STRICT_OBJC_MSGSEND = YES;
				GCC_C_LANGUAGE_STANDARD = gnu11;
				GCC_NO_COMMON_BLOCKS = YES;
				GCC_WARN_64_TO_32_BIT_CONVERSION = YES;
				GCC_WARN_ABOUT_RETURN_TYPE = YES_ERROR;
				GCC_WARN_UNDECLARED_SELECTOR = YES;
				GCC_WARN_UNINITIALIZED_AUTOS = YES_AGGRESSIVE;
				GCC_WARN_UNUSED_FUNCTION = YES;
				GCC_WARN_UNUSED_VARIABLE = YES;
				IPHONEOS_DEPLOYMENT_TARGET = 11.1;
				MTL_ENABLE_DEBUG_INFO = NO;
				SDKROOT = iphoneos;
				SWIFT_OPTIMIZATION_LEVEL = "-Owholemodule";
				VALIDATE_PRODUCT = YES;
			};
			name = Release;
		};
		63114A271FB03108003D44A3 /* Debug */ = {
			isa = XCBuildConfiguration;
			buildSettings = {
				ASSETCATALOG_COMPILER_APPICON_NAME = AppIcon;
				CODE_SIGN_STYLE = Automatic;
				INFOPLIST_FILE = BarcodeSample/Info.plist;
				LD_RUNPATH_SEARCH_PATHS = "$(inherited) @executable_path/Frameworks";
				PRODUCT_BUNDLE_IDENTIFIER = com.example.BarcodeSample;
				PRODUCT_NAME = "$(TARGET_NAME)";
				SWIFT_VERSION = 4.0;
				TARGETED_DEVICE_FAMILY = "1,2";
			};
			name = Debug;
		};
		63114A281FB03108003D44A3 /* Release */ = {
			isa = XCBuildConfiguration;
			buildSettings = {
				ASSETCATALOG_COMPILER_APPICON_NAME = AppIcon;
				CODE_SIGN_STYLE = Automatic;
				INFOPLIST_FILE = BarcodeSample/Info.plist;
				LD_RUNPATH_SEARCH_PATHS = "$(inherited) @executable_path/Frameworks";
				PRODUCT_BUNDLE_IDENTIFIER = com.example.BarcodeSample;
				PRODUCT_NAME = "$(TARGET_NAME)";
				SWIFT_VERSION = 4.0;
				TARGETED_DEVICE_FAMILY = "1,2";
			};
			name = Release;
		};
		63114A2A1FB03108003D44A3 /* Debug */ = {
			isa = XCBuildConfiguration;
			buildSettings = {
				ALWAYS_EMBED_SWIFT_STANDARD_LIBRARIES = YES;
				BUNDLE_LOADER = "$(TEST_HOST)";
				CODE_SIGN_STYLE = Automatic;
				INFOPLIST_FILE = BarcodeSampleTests/Info.plist;
				LD_RUNPATH_SEARCH_PATHS = "$(inherited) @executable_path/Frameworks @loader_path/Frameworks";
				PRODUCT_BUNDLE_IDENTIFIER = com.example.BarcodeSampleTests;
				PRODUCT_NAME = "$(TARGET_NAME)";
				SWIFT_VERSION = 4.0;
				TARGETED_DEVICE_FAMILY = "1,2";
				TEST_HOST = "$(BUILT_PRODUCTS_DIR)/BarcodeSample.app/BarcodeSample";
			};
			name = Debug;
		};
		63114A2B1FB03108003D44A3 /* Release */ = {
			isa = XCBuildConfiguration;
			buildSettings = {
				ALWAYS_EMBED_SWIFT_STANDARD_LIBRARIES = YES;
				BUNDLE_LOADER = "$(TEST_HOST)";
				CODE_SIGN_STYLE = Automatic;
				INFOPLIST_FILE = BarcodeSampleTests/Info.plist;
				LD_RUNPATH_SEARCH_PATHS = "$(inherited) @executable_path/Frameworks @loader_path/Frameworks";
				PRODUCT_BUNDLE_IDENTIFIER = com.example.BarcodeSampleTests;
				PRODUCT_NAME = "$(TARGET_NAME)";
				SWIFT_VERSION = 4.0;
				TARGETED_DEVICE_FAMILY = "1,2";
				TEST_HOST = "$(BUILT_PRODUCTS_DIR)/BarcodeSample.app/BarcodeSample";
			};
			name = Release;
		};
		63114A2D1FB03108003D44A3 /* Debug */ = {
			isa = XCBuildConfiguration;
			buildSettings = {
				ALWAYS_EMBED_SWIFT_STANDARD_LIBRARIES = YES;
				CODE_SIGN_STYLE = Automatic;
				INFOPLIST_FILE = BarcodeSampleUITests/Info.plist;
				LD_RUNPATH_SEARCH_PATHS = "$(inherited) @executable_path/Frameworks @loader_path/Frameworks";
				PRODUCT_BUNDLE_IDENTIFIER = com.example.BarcodeSampleUITests;
				PRODUCT_NAME = "$(TARGET_NAME)";
				SWIFT_VERSION = 4.0;
				TARGETED_DEVICE_FAMILY = "1,2";
				TEST_TARGET_NAME = BarcodeSample;
			};
			name = Debug;
		};
		63114A2E1FB03108003D44A3 /* Release */ = {
			isa = XCBuildConfiguration;
			buildSettings = {
				ALWAYS_EMBED_SWIFT_STANDARD_LIBRARIES = YES;
				CODE_SIGN_STYLE = Automatic;
				INFOPLIST_FILE = BarcodeSampleUITests/Info.plist;
				LD_RUNPATH_SEARCH_PATHS = "$(inherited) @executable_path/Frameworks @loader_path/Frameworks";
				PRODUCT_BUNDLE_IDENTIFIER = com.example.BarcodeSampleUITests;
				PRODUCT_NAME = "$(TARGET_NAME)";
				SWIFT_VERSION = 4.0;
				TARGETED_DEVICE_FAMILY = "1,2";
				TEST_TARGET_NAME = BarcodeSample;
			};
			name = Release;
		};
/* End XCBuildConfiguration section */

/* Begin XCConfigurationList section */
		631149F71FB03107003D44A3 /* Build configuration list for PBXProject "BarcodeSample" */ = {
			isa = XCConfigurationList;
			buildConfigurations = (
				63114A241FB03108003D44A3 /* Debug */,
				63114A251FB03108003D44A3 /* Release */,
			);
			defaultConfigurationIsVisible = 0;
			defaultConfigurationName = Release;
		};
		63114A261FB03108003D44A3 /* Build configuration list for PBXNativeTarget "BarcodeSample" */ = {
			isa = XCConfigurationList;
			buildConfigurations = (
				63114A271FB03108003D44A3 /* Debug */,
				63114A281FB03108003D44A3 /* Release */,
			);
			defaultConfigurationIsVisible = 0;
			defaultConfigurationName = Release;
		};
		63114A291FB03108003D44A3 /* Build configuration list for PBXNativeTarget "BarcodeSampleTests" */ = {
			isa = XCConfigurationList;
			buildConfigurations = (
				63114A2A1FB03108003D44A3 /* Debug */,
				63114A2B1FB03108003D44A3 /* Release */,
			);
			defaultConfigurationIsVisible = 0;
			defaultConfigurationName = Release;
		};
		63114A2C1FB03108003D44A3 /* Build configuration list for PBXNativeTarget "BarcodeSampleUITests" */ = {
			isa = XCConfigurationList;
			buildConfigurations = (
				63114A2D1FB03108003D44A3 /* Debug */,
				63114A2E1FB03108003D44A3 /* Release */,
			);
			defaultConfigurationIsVisible = 0;
			defaultConfigurationName = Release;
		};
/* End XCConfigurationList section */
	};
	rootObject = 631149F41FB03107003D44A3 /* Project object */;
}
